// !$*UTF8*$!
{
	archiveVersion = 1;
	classes = {
	};
	objectVersion = 46;
	objects = {

/* Begin PBXBuildFile section */
		41A2B5B578457A4DCECFA95E /* libPods-VCReader.a in Frameworks */ = {isa = PBXBuildFile; fileRef = F4B45A4D17CD603364319333 /* libPods-VCReader.a */; };
		6622254C1CBD39DA001BE988 /* VCReaderAPIClient.m in Sources */ = {isa = PBXBuildFile; fileRef = 6622254B1CBD39DA001BE988 /* VCReaderAPIClient.m */; };
		662225A81CC3989E001BE988 /* VCBookMO+CoreDataProperties.m in Sources */ = {isa = PBXBuildFile; fileRef = 6622259D1CC3989E001BE988 /* VCBookMO+CoreDataProperties.m */; };
		662225A91CC3989E001BE988 /* VCBookMO.m in Sources */ = {isa = PBXBuildFile; fileRef = 6622259F1CC3989E001BE988 /* VCBookMO.m */; };
		662225AA1CC3989E001BE988 /* VCChapterMO+CoreDataProperties.m in Sources */ = {isa = PBXBuildFile; fileRef = 662225A11CC3989E001BE988 /* VCChapterMO+CoreDataProperties.m */; };
		662225AB1CC3989E001BE988 /* VCChapterMO.m in Sources */ = {isa = PBXBuildFile; fileRef = 662225A31CC3989E001BE988 /* VCChapterMO.m */; };
		662225AC1CC3989E001BE988 /* VCReadingStatusMO+CoreDataProperties.m in Sources */ = {isa = PBXBuildFile; fileRef = 662225A51CC3989E001BE988 /* VCReadingStatusMO+CoreDataProperties.m */; };
		662225AD1CC3989E001BE988 /* VCReadingStatusMO.m in Sources */ = {isa = PBXBuildFile; fileRef = 662225A71CC3989E001BE988 /* VCReadingStatusMO.m */; };
		662225B01CC616DB001BE988 /* VCSyncEngine.m in Sources */ = {isa = PBXBuildFile; fileRef = 662225AF1CC616DB001BE988 /* VCSyncEngine.m */; };
		662225BB1CC9F973001BE988 /* VCLoginViewController.m in Sources */ = {isa = PBXBuildFile; fileRef = 662225BA1CC9F973001BE988 /* VCLoginViewController.m */; };
		662225C41CCB7B17001BE988 /* UIAlertController+window.m in Sources */ = {isa = PBXBuildFile; fileRef = 662225C31CCB7B17001BE988 /* UIAlertController+window.m */; };
		662225CC1CCCA781001BE988 /* TencentOpenAPI.framework in Frameworks */ = {isa = PBXBuildFile; fileRef = 662225CB1CCCA781001BE988 /* TencentOpenAPI.framework */; };
		662225CE1CCCA7AC001BE988 /* Security.framework in Frameworks */ = {isa = PBXBuildFile; fileRef = 662225CD1CCCA7AC001BE988 /* Security.framework */; };
		662225D01CCCA8EE001BE988 /* SystemConfiguration.framework in Frameworks */ = {isa = PBXBuildFile; fileRef = 662225CF1CCCA8EE001BE988 /* SystemConfiguration.framework */; };
		662225D21CCCA91B001BE988 /* CoreGraphics.framework in Frameworks */ = {isa = PBXBuildFile; fileRef = 662225D11CCCA91B001BE988 /* CoreGraphics.framework */; };
		662225D41CCCAED1001BE988 /* libsqlite3.dylib in Frameworks */ = {isa = PBXBuildFile; fileRef = 662225D31CCCAED1001BE988 /* libsqlite3.dylib */; };
		662225D61CCCAF39001BE988 /* libz.1.dylib in Frameworks */ = {isa = PBXBuildFile; fileRef = 662225D51CCCAF39001BE988 /* libz.1.dylib */; };
		662225D81CCCAF6A001BE988 /* libstdc++.6.0.9.dylib in Frameworks */ = {isa = PBXBuildFile; fileRef = 662225D71CCCAF6A001BE988 /* libstdc++.6.0.9.dylib */; };
		662225DA1CCCAF7C001BE988 /* CoreTelephony.framework in Frameworks */ = {isa = PBXBuildFile; fileRef = 662225D91CCCAF7C001BE988 /* CoreTelephony.framework */; };
		662225E01CCCB0ED001BE988 /* TencentOpenApi_IOS_Bundle.bundle in Resources */ = {isa = PBXBuildFile; fileRef = 662225DF1CCCB0ED001BE988 /* TencentOpenApi_IOS_Bundle.bundle */; };
		6643419D1C7A868A00580AEF /* VCChapter.m in Sources */ = {isa = PBXBuildFile; fileRef = 6643419C1C7A868A00580AEF /* VCChapter.m */; };
		664341A01C7BFA7C00580AEF /* VCPage.m in Sources */ = {isa = PBXBuildFile; fileRef = 6643419F1C7BFA7C00580AEF /* VCPage.m */; };
		664341A51C7D102600580AEF /* Kaiti.ttc in Resources */ = {isa = PBXBuildFile; fileRef = 664341A41C7D0E9200580AEF /* Kaiti.ttc */; };
		666266E41C8596DB004F133F /* VCLibraryTableViewCell.m in Sources */ = {isa = PBXBuildFile; fileRef = 666266E31C8596DB004F133F /* VCLibraryTableViewCell.m */; };
		6668596C1C9683110046C8E8 /* Localizable.strings in Resources */ = {isa = PBXBuildFile; fileRef = 6668596E1C9683110046C8E8 /* Localizable.strings */; };
		666EECB81C81BEC600DF5621 /* VCLibraryTableViewController.m in Sources */ = {isa = PBXBuildFile; fileRef = 666EECB71C81BEC600DF5621 /* VCLibraryTableViewController.m */; };
		666EECBB1C83C3E700DF5621 /* VCChapterTableViewController.m in Sources */ = {isa = PBXBuildFile; fileRef = 666EECBA1C83C3E700DF5621 /* VCChapterTableViewController.m */; };
		667AACD11C545D9400CD40E1 /* main.m in Sources */ = {isa = PBXBuildFile; fileRef = 667AACD01C545D9400CD40E1 /* main.m */; };
		667AACD41C545D9400CD40E1 /* AppDelegate.m in Sources */ = {isa = PBXBuildFile; fileRef = 667AACD31C545D9400CD40E1 /* AppDelegate.m */; };
		667AACDA1C545D9400CD40E1 /* Main.storyboard in Resources */ = {isa = PBXBuildFile; fileRef = 667AACD81C545D9400CD40E1 /* Main.storyboard */; };
		667AACDD1C545D9400CD40E1 /* VCReader.xcdatamodeld in Sources */ = {isa = PBXBuildFile; fileRef = 667AACDB1C545D9400CD40E1 /* VCReader.xcdatamodeld */; };
		667AACDF1C545D9400CD40E1 /* Assets.xcassets in Resources */ = {isa = PBXBuildFile; fileRef = 667AACDE1C545D9400CD40E1 /* Assets.xcassets */; };
		667AACEB1C545E3E00CD40E1 /* VCPageViewController.m in Sources */ = {isa = PBXBuildFile; fileRef = 667AACEA1C545E3E00CD40E1 /* VCPageViewController.m */; };
		667AACFA1C58B05C00CD40E1 /* VCBook.m in Sources */ = {isa = PBXBuildFile; fileRef = 667AACF91C58B05C00CD40E1 /* VCBook.m */; };
		668AB1BB1C5BDD1C00395099 /* VCTool.m in Sources */ = {isa = PBXBuildFile; fileRef = 668AB1BA1C5BDD1C00395099 /* VCTool.m */; };
		669227C61CCDE6730045291E /* VCSignUpViewController.m in Sources */ = {isa = PBXBuildFile; fileRef = 669227C51CCDE6730045291E /* VCSignUpViewController.m */; };
		669227C91CCF59D20045291E /* VCBookStoreViewController.m in Sources */ = {isa = PBXBuildFile; fileRef = 669227C81CCF59D20045291E /* VCBookStoreViewController.m */; };
		669227D41CD09E0A0045291E /* VCUserMO+CoreDataProperties.m in Sources */ = {isa = PBXBuildFile; fileRef = 669227D11CD09E0A0045291E /* VCUserMO+CoreDataProperties.m */; };
		669227D51CD09E0A0045291E /* VCUserMO.m in Sources */ = {isa = PBXBuildFile; fileRef = 669227D31CD09E0A0045291E /* VCUserMO.m */; };
		669227D81CD09F820045291E /* VCCoreDataCenter.m in Sources */ = {isa = PBXBuildFile; fileRef = 669227D71CD09F820045291E /* VCCoreDataCenter.m */; };
		66A313B91CB78FBC00A43B7A /* LaunchScreen.storyboard in Resources */ = {isa = PBXBuildFile; fileRef = 66A313B81CB78FBC00A43B7A /* LaunchScreen.storyboard */; };
		66A313DD1CB796B400A43B7A /* STFangSong.ttf in Resources */ = {isa = PBXBuildFile; fileRef = 664341A61C7D11C700580AEF /* STFangSong.ttf */; };
		66CA98001CB62E5400B52B5E /* VCSettingsTableViewController.m in Sources */ = {isa = PBXBuildFile; fileRef = 66CA97FF1CB62E5400B52B5E /* VCSettingsTableViewController.m */; };
		66F8C3761C5D078100DF7611 /* VCTextView.m in Sources */ = {isa = PBXBuildFile; fileRef = 66F8C3751C5D078100DF7611 /* VCTextView.m */; };
		66F8C3791C5D0AF300DF7611 /* VCView.m in Sources */ = {isa = PBXBuildFile; fileRef = 66F8C3781C5D0AF300DF7611 /* VCView.m */; };
/* End PBXBuildFile section */

/* Begin PBXFileReference section */
		0B4A3336345389BA90085697 /* Pods-VCReader.debug.xcconfig */ = {isa = PBXFileReference; includeInIndex = 1; lastKnownFileType = text.xcconfig; name = "Pods-VCReader.debug.xcconfig"; path = "Pods/Target Support Files/Pods-VCReader/Pods-VCReader.debug.xcconfig"; sourceTree = "<group>"; };
		662068921C9C7B5000D00FEB /* en */ = {isa = PBXFileReference; lastKnownFileType = text.plist.strings; name = en; path = en.lproj/Main.strings; sourceTree = "<group>"; };
		6622254A1CBD39DA001BE988 /* VCReaderAPIClient.h */ = {isa = PBXFileReference; fileEncoding = 4; lastKnownFileType = sourcecode.c.h; path = VCReaderAPIClient.h; sourceTree = "<group>"; };
		6622254B1CBD39DA001BE988 /* VCReaderAPIClient.m */ = {isa = PBXFileReference; fileEncoding = 4; lastKnownFileType = sourcecode.c.objc; path = VCReaderAPIClient.m; sourceTree = "<group>"; };
		6622259C1CC3989E001BE988 /* VCBookMO+CoreDataProperties.h */ = {isa = PBXFileReference; fileEncoding = 4; lastKnownFileType = sourcecode.c.h; name = "VCBookMO+CoreDataProperties.h"; path = "VCReader/VCBookMO+CoreDataProperties.h"; sourceTree = "<group>"; };
		6622259D1CC3989E001BE988 /* VCBookMO+CoreDataProperties.m */ = {isa = PBXFileReference; fileEncoding = 4; lastKnownFileType = sourcecode.c.objc; name = "VCBookMO+CoreDataProperties.m"; path = "VCReader/VCBookMO+CoreDataProperties.m"; sourceTree = "<group>"; };
		6622259E1CC3989E001BE988 /* VCBookMO.h */ = {isa = PBXFileReference; fileEncoding = 4; lastKnownFileType = sourcecode.c.h; name = VCBookMO.h; path = VCReader/VCBookMO.h; sourceTree = "<group>"; };
		6622259F1CC3989E001BE988 /* VCBookMO.m */ = {isa = PBXFileReference; fileEncoding = 4; lastKnownFileType = sourcecode.c.objc; name = VCBookMO.m; path = VCReader/VCBookMO.m; sourceTree = "<group>"; };
		662225A01CC3989E001BE988 /* VCChapterMO+CoreDataProperties.h */ = {isa = PBXFileReference; fileEncoding = 4; lastKnownFileType = sourcecode.c.h; name = "VCChapterMO+CoreDataProperties.h"; path = "VCReader/VCChapterMO+CoreDataProperties.h"; sourceTree = "<group>"; };
		662225A11CC3989E001BE988 /* VCChapterMO+CoreDataProperties.m */ = {isa = PBXFileReference; fileEncoding = 4; lastKnownFileType = sourcecode.c.objc; name = "VCChapterMO+CoreDataProperties.m"; path = "VCReader/VCChapterMO+CoreDataProperties.m"; sourceTree = "<group>"; };
		662225A21CC3989E001BE988 /* VCChapterMO.h */ = {isa = PBXFileReference; fileEncoding = 4; lastKnownFileType = sourcecode.c.h; name = VCChapterMO.h; path = VCReader/VCChapterMO.h; sourceTree = "<group>"; };
		662225A31CC3989E001BE988 /* VCChapterMO.m */ = {isa = PBXFileReference; fileEncoding = 4; lastKnownFileType = sourcecode.c.objc; name = VCChapterMO.m; path = VCReader/VCChapterMO.m; sourceTree = "<group>"; };
		662225A41CC3989E001BE988 /* VCReadingStatusMO+CoreDataProperties.h */ = {isa = PBXFileReference; fileEncoding = 4; lastKnownFileType = sourcecode.c.h; name = "VCReadingStatusMO+CoreDataProperties.h"; path = "VCReader/VCReadingStatusMO+CoreDataProperties.h"; sourceTree = "<group>"; };
		662225A51CC3989E001BE988 /* VCReadingStatusMO+CoreDataProperties.m */ = {isa = PBXFileReference; fileEncoding = 4; lastKnownFileType = sourcecode.c.objc; name = "VCReadingStatusMO+CoreDataProperties.m"; path = "VCReader/VCReadingStatusMO+CoreDataProperties.m"; sourceTree = "<group>"; };
		662225A61CC3989E001BE988 /* VCReadingStatusMO.h */ = {isa = PBXFileReference; fileEncoding = 4; lastKnownFileType = sourcecode.c.h; name = VCReadingStatusMO.h; path = VCReader/VCReadingStatusMO.h; sourceTree = "<group>"; };
		662225A71CC3989E001BE988 /* VCReadingStatusMO.m */ = {isa = PBXFileReference; fileEncoding = 4; lastKnownFileType = sourcecode.c.objc; name = VCReadingStatusMO.m; path = VCReader/VCReadingStatusMO.m; sourceTree = "<group>"; };
		662225AE1CC616DB001BE988 /* VCSyncEngine.h */ = {isa = PBXFileReference; fileEncoding = 4; lastKnownFileType = sourcecode.c.h; path = VCSyncEngine.h; sourceTree = "<group>"; };
		662225AF1CC616DB001BE988 /* VCSyncEngine.m */ = {isa = PBXFileReference; fileEncoding = 4; lastKnownFileType = sourcecode.c.objc; path = VCSyncEngine.m; sourceTree = "<group>"; };
		662225B91CC9F973001BE988 /* VCLoginViewController.h */ = {isa = PBXFileReference; fileEncoding = 4; lastKnownFileType = sourcecode.c.h; path = VCLoginViewController.h; sourceTree = "<group>"; };
		662225BA1CC9F973001BE988 /* VCLoginViewController.m */ = {isa = PBXFileReference; fileEncoding = 4; lastKnownFileType = sourcecode.c.objc; path = VCLoginViewController.m; sourceTree = "<group>"; };
		662225C31CCB7B17001BE988 /* UIAlertController+window.m */ = {isa = PBXFileReference; fileEncoding = 4; lastKnownFileType = sourcecode.c.objc; path = "UIAlertController+window.m"; sourceTree = "<group>"; };
		662225C51CCB7B7F001BE988 /* UIAlertController+Window.h */ = {isa = PBXFileReference; lastKnownFileType = sourcecode.c.h; path = "UIAlertController+Window.h"; sourceTree = "<group>"; };
		662225CB1CCCA781001BE988 /* TencentOpenAPI.framework */ = {isa = PBXFileReference; lastKnownFileType = wrapper.framework; path = TencentOpenAPI.framework; sourceTree = "<group>"; };
		662225CD1CCCA7AC001BE988 /* Security.framework */ = {isa = PBXFileReference; lastKnownFileType = wrapper.framework; name = Security.framework; path = System/Library/Frameworks/Security.framework; sourceTree = SDKROOT; };
		662225CF1CCCA8EE001BE988 /* SystemConfiguration.framework */ = {isa = PBXFileReference; lastKnownFileType = wrapper.framework; name = SystemConfiguration.framework; path = System/Library/Frameworks/SystemConfiguration.framework; sourceTree = SDKROOT; };
		662225D11CCCA91B001BE988 /* CoreGraphics.framework */ = {isa = PBXFileReference; lastKnownFileType = wrapper.framework; name = CoreGraphics.framework; path = System/Library/Frameworks/CoreGraphics.framework; sourceTree = SDKROOT; };
		662225D31CCCAED1001BE988 /* libsqlite3.dylib */ = {isa = PBXFileReference; lastKnownFileType = "compiled.mach-o.dylib"; name = libsqlite3.dylib; path = ../../../../../usr/lib/libsqlite3.dylib; sourceTree = "<group>"; };
		662225D51CCCAF39001BE988 /* libz.1.dylib */ = {isa = PBXFileReference; lastKnownFileType = "compiled.mach-o.dylib"; name = libz.1.dylib; path = ../../../../../usr/lib/libz.1.dylib; sourceTree = "<group>"; };
		662225D71CCCAF6A001BE988 /* libstdc++.6.0.9.dylib */ = {isa = PBXFileReference; lastKnownFileType = "compiled.mach-o.dylib"; name = "libstdc++.6.0.9.dylib"; path = "../../../../../usr/lib/libstdc++.6.0.9.dylib"; sourceTree = "<group>"; };
		662225D91CCCAF7C001BE988 /* CoreTelephony.framework */ = {isa = PBXFileReference; lastKnownFileType = wrapper.framework; name = CoreTelephony.framework; path = System/Library/Frameworks/CoreTelephony.framework; sourceTree = SDKROOT; };
		662225DF1CCCB0ED001BE988 /* TencentOpenApi_IOS_Bundle.bundle */ = {isa = PBXFileReference; lastKnownFileType = "wrapper.plug-in"; path = TencentOpenApi_IOS_Bundle.bundle; sourceTree = "<group>"; };
		6643419B1C7A868A00580AEF /* VCChapter.h */ = {isa = PBXFileReference; fileEncoding = 4; lastKnownFileType = sourcecode.c.h; path = VCChapter.h; sourceTree = "<group>"; };
		6643419C1C7A868A00580AEF /* VCChapter.m */ = {isa = PBXFileReference; fileEncoding = 4; lastKnownFileType = sourcecode.c.objc; path = VCChapter.m; sourceTree = "<group>"; };
		6643419E1C7BFA7C00580AEF /* VCPage.h */ = {isa = PBXFileReference; fileEncoding = 4; lastKnownFileType = sourcecode.c.h; path = VCPage.h; sourceTree = "<group>"; };
		6643419F1C7BFA7C00580AEF /* VCPage.m */ = {isa = PBXFileReference; fileEncoding = 4; lastKnownFileType = sourcecode.c.objc; path = VCPage.m; sourceTree = "<group>"; };
		664341A41C7D0E9200580AEF /* Kaiti.ttc */ = {isa = PBXFileReference; lastKnownFileType = file; path = Kaiti.ttc; sourceTree = "<group>"; };
		664341A61C7D11C700580AEF /* STFangSong.ttf */ = {isa = PBXFileReference; lastKnownFileType = file; path = STFangSong.ttf; sourceTree = "<group>"; };
		666266E21C8596DB004F133F /* VCLibraryTableViewCell.h */ = {isa = PBXFileReference; fileEncoding = 4; lastKnownFileType = sourcecode.c.h; path = VCLibraryTableViewCell.h; sourceTree = "<group>"; };
		666266E31C8596DB004F133F /* VCLibraryTableViewCell.m */ = {isa = PBXFileReference; fileEncoding = 4; lastKnownFileType = sourcecode.c.objc; path = VCLibraryTableViewCell.m; sourceTree = "<group>"; };
		6668596D1C9683110046C8E8 /* Base */ = {isa = PBXFileReference; lastKnownFileType = text.plist.strings; name = Base; path = Base.lproj/Localizable.strings; sourceTree = "<group>"; };
		666EECB61C81BEC600DF5621 /* VCLibraryTableViewController.h */ = {isa = PBXFileReference; fileEncoding = 4; lastKnownFileType = sourcecode.c.h; path = VCLibraryTableViewController.h; sourceTree = "<group>"; };
		666EECB71C81BEC600DF5621 /* VCLibraryTableViewController.m */ = {isa = PBXFileReference; fileEncoding = 4; lastKnownFileType = sourcecode.c.objc; path = VCLibraryTableViewController.m; sourceTree = "<group>"; };
		666EECB91C83C3E700DF5621 /* VCChapterTableViewController.h */ = {isa = PBXFileReference; fileEncoding = 4; lastKnownFileType = sourcecode.c.h; path = VCChapterTableViewController.h; sourceTree = "<group>"; };
		666EECBA1C83C3E700DF5621 /* VCChapterTableViewController.m */ = {isa = PBXFileReference; fileEncoding = 4; lastKnownFileType = sourcecode.c.objc; path = VCChapterTableViewController.m; sourceTree = "<group>"; };
		667AACCC1C545D9400CD40E1 /* VCReader.app */ = {isa = PBXFileReference; explicitFileType = wrapper.application; includeInIndex = 0; path = VCReader.app; sourceTree = BUILT_PRODUCTS_DIR; };
		667AACD01C545D9400CD40E1 /* main.m */ = {isa = PBXFileReference; lastKnownFileType = sourcecode.c.objc; path = main.m; sourceTree = "<group>"; };
		667AACD21C545D9400CD40E1 /* AppDelegate.h */ = {isa = PBXFileReference; lastKnownFileType = sourcecode.c.h; path = AppDelegate.h; sourceTree = "<group>"; };
		667AACD31C545D9400CD40E1 /* AppDelegate.m */ = {isa = PBXFileReference; lastKnownFileType = sourcecode.c.objc; path = AppDelegate.m; sourceTree = "<group>"; };
		667AACD91C545D9400CD40E1 /* Base */ = {isa = PBXFileReference; lastKnownFileType = file.storyboard; name = Base; path = Base.lproj/Main.storyboard; sourceTree = "<group>"; };
		667AACDC1C545D9400CD40E1 /* VCReader.xcdatamodel */ = {isa = PBXFileReference; lastKnownFileType = wrapper.xcdatamodel; path = VCReader.xcdatamodel; sourceTree = "<group>"; };
		667AACDE1C545D9400CD40E1 /* Assets.xcassets */ = {isa = PBXFileReference; lastKnownFileType = folder.assetcatalog; path = Assets.xcassets; sourceTree = "<group>"; };
		667AACE31C545D9400CD40E1 /* Info.plist */ = {isa = PBXFileReference; lastKnownFileType = text.plist.xml; path = Info.plist; sourceTree = "<group>"; };
		667AACE91C545E3E00CD40E1 /* VCPageViewController.h */ = {isa = PBXFileReference; fileEncoding = 4; lastKnownFileType = sourcecode.c.h; path = VCPageViewController.h; sourceTree = "<group>"; };
		667AACEA1C545E3E00CD40E1 /* VCPageViewController.m */ = {isa = PBXFileReference; fileEncoding = 4; lastKnownFileType = sourcecode.c.objc; path = VCPageViewController.m; sourceTree = "<group>"; };
		667AACF81C58B05C00CD40E1 /* VCBook.h */ = {isa = PBXFileReference; fileEncoding = 4; lastKnownFileType = sourcecode.c.h; path = VCBook.h; sourceTree = "<group>"; };
		667AACF91C58B05C00CD40E1 /* VCBook.m */ = {isa = PBXFileReference; fileEncoding = 4; lastKnownFileType = sourcecode.c.objc; path = VCBook.m; sourceTree = "<group>"; };
		668AB1B91C5BDD1C00395099 /* VCTool.h */ = {isa = PBXFileReference; fileEncoding = 4; lastKnownFileType = sourcecode.c.h; path = VCTool.h; sourceTree = "<group>"; };
		668AB1BA1C5BDD1C00395099 /* VCTool.m */ = {isa = PBXFileReference; fileEncoding = 4; lastKnownFileType = sourcecode.c.objc; path = VCTool.m; sourceTree = "<group>"; };
		668AB1BD1C5BDF8900395099 /* PrefixHeader.pch */ = {isa = PBXFileReference; fileEncoding = 4; lastKnownFileType = sourcecode.c.h; path = PrefixHeader.pch; sourceTree = "<group>"; };
		669227C41CCDE6730045291E /* VCSignUpViewController.h */ = {isa = PBXFileReference; fileEncoding = 4; lastKnownFileType = sourcecode.c.h; path = VCSignUpViewController.h; sourceTree = "<group>"; };
		669227C51CCDE6730045291E /* VCSignUpViewController.m */ = {isa = PBXFileReference; fileEncoding = 4; lastKnownFileType = sourcecode.c.objc; path = VCSignUpViewController.m; sourceTree = "<group>"; };
		669227C71CCF59D10045291E /* VCBookStoreViewController.h */ = {isa = PBXFileReference; fileEncoding = 4; lastKnownFileType = sourcecode.c.h; path = VCBookStoreViewController.h; sourceTree = "<group>"; };
		669227C81CCF59D20045291E /* VCBookStoreViewController.m */ = {isa = PBXFileReference; fileEncoding = 4; lastKnownFileType = sourcecode.c.objc; path = VCBookStoreViewController.m; sourceTree = "<group>"; };
		669227D01CD09E0A0045291E /* VCUserMO+CoreDataProperties.h */ = {isa = PBXFileReference; fileEncoding = 4; lastKnownFileType = sourcecode.c.h; name = "VCUserMO+CoreDataProperties.h"; path = "VCReader/VCUserMO+CoreDataProperties.h"; sourceTree = "<group>"; };
		669227D11CD09E0A0045291E /* VCUserMO+CoreDataProperties.m */ = {isa = PBXFileReference; fileEncoding = 4; lastKnownFileType = sourcecode.c.objc; name = "VCUserMO+CoreDataProperties.m"; path = "VCReader/VCUserMO+CoreDataProperties.m"; sourceTree = "<group>"; };
		669227D21CD09E0A0045291E /* VCUserMO.h */ = {isa = PBXFileReference; fileEncoding = 4; lastKnownFileType = sourcecode.c.h; name = VCUserMO.h; path = VCReader/VCUserMO.h; sourceTree = "<group>"; };
		669227D31CD09E0A0045291E /* VCUserMO.m */ = {isa = PBXFileReference; fileEncoding = 4; lastKnownFileType = sourcecode.c.objc; name = VCUserMO.m; path = VCReader/VCUserMO.m; sourceTree = "<group>"; };
		669227D61CD09F820045291E /* VCCoreDataCenter.h */ = {isa = PBXFileReference; fileEncoding = 4; lastKnownFileType = sourcecode.c.h; name = VCCoreDataCenter.h; path = VCReader/VCCoreDataCenter.h; sourceTree = "<group>"; };
		669227D71CD09F820045291E /* VCCoreDataCenter.m */ = {isa = PBXFileReference; fileEncoding = 4; lastKnownFileType = sourcecode.c.objc; name = VCCoreDataCenter.m; path = VCReader/VCCoreDataCenter.m; sourceTree = "<group>"; };
		66A313B81CB78FBC00A43B7A /* LaunchScreen.storyboard */ = {isa = PBXFileReference; fileEncoding = 4; lastKnownFileType = file.storyboard; path = LaunchScreen.storyboard; sourceTree = "<group>"; };
		66CA97FE1CB62E5400B52B5E /* VCSettingsTableViewController.h */ = {isa = PBXFileReference; fileEncoding = 4; lastKnownFileType = sourcecode.c.h; path = VCSettingsTableViewController.h; sourceTree = "<group>"; };
		66CA97FF1CB62E5400B52B5E /* VCSettingsTableViewController.m */ = {isa = PBXFileReference; fileEncoding = 4; lastKnownFileType = sourcecode.c.objc; path = VCSettingsTableViewController.m; sourceTree = "<group>"; };
		66F8C3741C5D078100DF7611 /* VCTextView.h */ = {isa = PBXFileReference; fileEncoding = 4; lastKnownFileType = sourcecode.c.h; path = VCTextView.h; sourceTree = "<group>"; };
		66F8C3751C5D078100DF7611 /* VCTextView.m */ = {isa = PBXFileReference; fileEncoding = 4; lastKnownFileType = sourcecode.c.objc; path = VCTextView.m; sourceTree = "<group>"; };
		66F8C3771C5D0AF300DF7611 /* VCView.h */ = {isa = PBXFileReference; fileEncoding = 4; lastKnownFileType = sourcecode.c.h; path = VCView.h; sourceTree = "<group>"; };
		66F8C3781C5D0AF300DF7611 /* VCView.m */ = {isa = PBXFileReference; fileEncoding = 4; lastKnownFileType = sourcecode.c.objc; path = VCView.m; sourceTree = "<group>"; };
		7448617C5C4D6839113C0905 /* Pods-VCReader.release.xcconfig */ = {isa = PBXFileReference; includeInIndex = 1; lastKnownFileType = text.xcconfig; name = "Pods-VCReader.release.xcconfig"; path = "Pods/Target Support Files/Pods-VCReader/Pods-VCReader.release.xcconfig"; sourceTree = "<group>"; };
		F4B45A4D17CD603364319333 /* libPods-VCReader.a */ = {isa = PBXFileReference; explicitFileType = archive.ar; includeInIndex = 0; path = "libPods-VCReader.a"; sourceTree = BUILT_PRODUCTS_DIR; };
/* End PBXFileReference section */

/* Begin PBXFrameworksBuildPhase section */
		667AACC91C545D9400CD40E1 /* Frameworks */ = {
			isa = PBXFrameworksBuildPhase;
			buildActionMask = 2147483647;
			files = (
				662225DA1CCCAF7C001BE988 /* CoreTelephony.framework in Frameworks */,
				662225D81CCCAF6A001BE988 /* libstdc++.6.0.9.dylib in Frameworks */,
				662225D61CCCAF39001BE988 /* libz.1.dylib in Frameworks */,
				662225D41CCCAED1001BE988 /* libsqlite3.dylib in Frameworks */,
				662225D21CCCA91B001BE988 /* CoreGraphics.framework in Frameworks */,
				662225D01CCCA8EE001BE988 /* SystemConfiguration.framework in Frameworks */,
				662225CE1CCCA7AC001BE988 /* Security.framework in Frameworks */,
				41A2B5B578457A4DCECFA95E /* libPods-VCReader.a in Frameworks */,
				662225CC1CCCA781001BE988 /* TencentOpenAPI.framework in Frameworks */,
			);
			runOnlyForDeploymentPostprocessing = 0;
		};
/* End PBXFrameworksBuildPhase section */

/* Begin PBXGroup section */
		660C15571CD8BD4E00C25553 /* Views */ = {
			isa = PBXGroup;
			children = (
				66F8C3771C5D0AF300DF7611 /* VCView.h */,
				66F8C3781C5D0AF300DF7611 /* VCView.m */,
				66F8C3741C5D078100DF7611 /* VCTextView.h */,
				66F8C3751C5D078100DF7611 /* VCTextView.m */,
			);
			name = Views;
			sourceTree = "<group>";
		};
		662225491CBD395E001BE988 /* APIClients */ = {
			isa = PBXGroup;
			children = (
				6622254A1CBD39DA001BE988 /* VCReaderAPIClient.h */,
				6622254B1CBD39DA001BE988 /* VCReaderAPIClient.m */,
			);
			name = APIClients;
			sourceTree = "<group>";
		};
		6622255B1CBF968C001BE988 /* Core Data */ = {
			isa = PBXGroup;
			children = (
				667AACDB1C545D9400CD40E1 /* VCReader.xcdatamodeld */,
				669227D01CD09E0A0045291E /* VCUserMO+CoreDataProperties.h */,
				669227D11CD09E0A0045291E /* VCUserMO+CoreDataProperties.m */,
				669227D21CD09E0A0045291E /* VCUserMO.h */,
				669227D31CD09E0A0045291E /* VCUserMO.m */,
				6622259C1CC3989E001BE988 /* VCBookMO+CoreDataProperties.h */,
				6622259D1CC3989E001BE988 /* VCBookMO+CoreDataProperties.m */,
				6622259E1CC3989E001BE988 /* VCBookMO.h */,
				6622259F1CC3989E001BE988 /* VCBookMO.m */,
				662225A01CC3989E001BE988 /* VCChapterMO+CoreDataProperties.h */,
				662225A11CC3989E001BE988 /* VCChapterMO+CoreDataProperties.m */,
				662225A21CC3989E001BE988 /* VCChapterMO.h */,
				662225A31CC3989E001BE988 /* VCChapterMO.m */,
				662225A41CC3989E001BE988 /* VCReadingStatusMO+CoreDataProperties.h */,
				662225A51CC3989E001BE988 /* VCReadingStatusMO+CoreDataProperties.m */,
				662225A61CC3989E001BE988 /* VCReadingStatusMO.h */,
				662225A71CC3989E001BE988 /* VCReadingStatusMO.m */,
				669227D61CD09F820045291E /* VCCoreDataCenter.h */,
				669227D71CD09F820045291E /* VCCoreDataCenter.m */,
			);
			name = "Core Data";
			path = ..;
			sourceTree = "<group>";
		};
		664341AE1C7D56B800580AEF /* fonts */ = {
			isa = PBXGroup;
			children = (
				664341A61C7D11C700580AEF /* STFangSong.ttf */,
				664341A41C7D0E9200580AEF /* Kaiti.ttc */,
			);
			name = fonts;
			sourceTree = "<group>";
		};
		666266E11C859503004F133F /* TableViewCells */ = {
			isa = PBXGroup;
			children = (
				666266E21C8596DB004F133F /* VCLibraryTableViewCell.h */,
				666266E31C8596DB004F133F /* VCLibraryTableViewCell.m */,
			);
			name = TableViewCells;
			sourceTree = "<group>";
		};
		667AACC31C545D9400CD40E1 = {
			isa = PBXGroup;
			children = (
				667AACCE1C545D9400CD40E1 /* VCReader */,
				66A313E31CB7C5CE00A43B7A /* Frameworks */,
				667AACCD1C545D9400CD40E1 /* Products */,
				C7054E4DDEEF3B154287D12B /* Pods */,
			);
			sourceTree = "<group>";
		};
		667AACCD1C545D9400CD40E1 /* Products */ = {
			isa = PBXGroup;
			children = (
				667AACCC1C545D9400CD40E1 /* VCReader.app */,
			);
			name = Products;
			sourceTree = "<group>";
		};
		667AACCE1C545D9400CD40E1 /* VCReader */ = {
			isa = PBXGroup;
			children = (
				660C15571CD8BD4E00C25553 /* Views */,
				6622255B1CBF968C001BE988 /* Core Data */,
				662225491CBD395E001BE988 /* APIClients */,
				669CD8D71C913E5500CC99D3 /* VCModels */,
				669CD8D61C913E1400CC99D3 /* Tools */,
				666266E11C859503004F133F /* TableViewCells */,
				667AACD81C545D9400CD40E1 /* Main.storyboard */,
				667AACEC1C545E9400CD40E1 /* ViewControllers */,
				667AACF41C584F1900CD40E1 /* Resources */,
				667AACCF1C545D9400CD40E1 /* Supporting Files */,
			);
			path = VCReader;
			sourceTree = "<group>";
		};
		667AACCF1C545D9400CD40E1 /* Supporting Files */ = {
			isa = PBXGroup;
			children = (
				667AACE31C545D9400CD40E1 /* Info.plist */,
				668AB1BD1C5BDF8900395099 /* PrefixHeader.pch */,
				667AACD21C545D9400CD40E1 /* AppDelegate.h */,
				667AACD31C545D9400CD40E1 /* AppDelegate.m */,
				667AACD01C545D9400CD40E1 /* main.m */,
			);
			name = "Supporting Files";
			sourceTree = "<group>";
		};
		667AACEC1C545E9400CD40E1 /* ViewControllers */ = {
			isa = PBXGroup;
			children = (
				662225B91CC9F973001BE988 /* VCLoginViewController.h */,
				662225BA1CC9F973001BE988 /* VCLoginViewController.m */,
				669227C41CCDE6730045291E /* VCSignUpViewController.h */,
				669227C51CCDE6730045291E /* VCSignUpViewController.m */,
				666EECB61C81BEC600DF5621 /* VCLibraryTableViewController.h */,
				666EECB71C81BEC600DF5621 /* VCLibraryTableViewController.m */,
				667AACE91C545E3E00CD40E1 /* VCPageViewController.h */,
				667AACEA1C545E3E00CD40E1 /* VCPageViewController.m */,
				669227C71CCF59D10045291E /* VCBookStoreViewController.h */,
				669227C81CCF59D20045291E /* VCBookStoreViewController.m */,
				666EECB91C83C3E700DF5621 /* VCChapterTableViewController.h */,
				666EECBA1C83C3E700DF5621 /* VCChapterTableViewController.m */,
				66CA97FE1CB62E5400B52B5E /* VCSettingsTableViewController.h */,
				66CA97FF1CB62E5400B52B5E /* VCSettingsTableViewController.m */,
			);
			name = ViewControllers;
			sourceTree = "<group>";
		};
		667AACF41C584F1900CD40E1 /* Resources */ = {
			isa = PBXGroup;
			children = (
				662225DF1CCCB0ED001BE988 /* TencentOpenApi_IOS_Bundle.bundle */,
				66A313B81CB78FBC00A43B7A /* LaunchScreen.storyboard */,
				667AACDE1C545D9400CD40E1 /* Assets.xcassets */,
				664341AE1C7D56B800580AEF /* fonts */,
				6668596E1C9683110046C8E8 /* Localizable.strings */,
			);
			name = Resources;
			sourceTree = "<group>";
		};
		669CD8D61C913E1400CC99D3 /* Tools */ = {
			isa = PBXGroup;
			children = (
				668AB1B91C5BDD1C00395099 /* VCTool.h */,
				668AB1BA1C5BDD1C00395099 /* VCTool.m */,
				662225AE1CC616DB001BE988 /* VCSyncEngine.h */,
				662225AF1CC616DB001BE988 /* VCSyncEngine.m */,
				662225C51CCB7B7F001BE988 /* UIAlertController+Window.h */,
				662225C31CCB7B17001BE988 /* UIAlertController+window.m */,
			);
			name = Tools;
			sourceTree = "<group>";
		};
		669CD8D71C913E5500CC99D3 /* VCModels */ = {
			isa = PBXGroup;
			children = (
				667AACF81C58B05C00CD40E1 /* VCBook.h */,
				667AACF91C58B05C00CD40E1 /* VCBook.m */,
				6643419B1C7A868A00580AEF /* VCChapter.h */,
				6643419C1C7A868A00580AEF /* VCChapter.m */,
				6643419E1C7BFA7C00580AEF /* VCPage.h */,
				6643419F1C7BFA7C00580AEF /* VCPage.m */,
			);
			name = VCModels;
			sourceTree = "<group>";
		};
		66A313E31CB7C5CE00A43B7A /* Frameworks */ = {
			isa = PBXGroup;
			children = (
				662225D91CCCAF7C001BE988 /* CoreTelephony.framework */,
				662225D71CCCAF6A001BE988 /* libstdc++.6.0.9.dylib */,
				662225D51CCCAF39001BE988 /* libz.1.dylib */,
				662225D31CCCAED1001BE988 /* libsqlite3.dylib */,
				662225D11CCCA91B001BE988 /* CoreGraphics.framework */,
				662225CF1CCCA8EE001BE988 /* SystemConfiguration.framework */,
				662225CD1CCCA7AC001BE988 /* Security.framework */,
				662225CB1CCCA781001BE988 /* TencentOpenAPI.framework */,
				F4B45A4D17CD603364319333 /* libPods-VCReader.a */,
			);
			name = Frameworks;
			path = VCReader;
			sourceTree = "<group>";
		};
		C7054E4DDEEF3B154287D12B /* Pods */ = {
			isa = PBXGroup;
			children = (
				0B4A3336345389BA90085697 /* Pods-VCReader.debug.xcconfig */,
				7448617C5C4D6839113C0905 /* Pods-VCReader.release.xcconfig */,
			);
			name = Pods;
			sourceTree = "<group>";
		};
/* End PBXGroup section */

/* Begin PBXNativeTarget section */
		667AACCB1C545D9400CD40E1 /* VCReader */ = {
			isa = PBXNativeTarget;
			buildConfigurationList = 667AACE61C545D9400CD40E1 /* Build configuration list for PBXNativeTarget "VCReader" */;
			buildPhases = (
				12C31A7C016F210BA3584008 /* Check Pods Manifest.lock */,
				667AACC81C545D9400CD40E1 /* Sources */,
				667AACC91C545D9400CD40E1 /* Frameworks */,
				667AACCA1C545D9400CD40E1 /* Resources */,
				44F762215D8B6FE26AF1C33C /* Embed Pods Frameworks */,
				AD1C2B06419F9DAF0916C951 /* Copy Pods Resources */,
			);
			buildRules = (
			);
			dependencies = (
			);
			name = VCReader;
			productName = VCReader;
			productReference = 667AACCC1C545D9400CD40E1 /* VCReader.app */;
			productType = "com.apple.product-type.application";
		};
/* End PBXNativeTarget section */

/* Begin PBXProject section */
		667AACC41C545D9400CD40E1 /* Project object */ = {
			isa = PBXProject;
			attributes = {
				LastUpgradeCheck = 0720;
				ORGANIZATIONNAME = VHHC;
				TargetAttributes = {
					667AACCB1C545D9400CD40E1 = {
						CreatedOnToolsVersion = 7.2;
						DevelopmentTeam = ZWQWGRSN4T;
						SystemCapabilities = {
							com.apple.iCloud = {
								enabled = 0;
							};
						};
					};
				};
			};
			buildConfigurationList = 667AACC71C545D9400CD40E1 /* Build configuration list for PBXProject "VCReader" */;
			compatibilityVersion = "Xcode 3.2";
			developmentRegion = English;
			hasScannedForEncodings = 0;
			knownRegions = (
				en,
				Base,
			);
			mainGroup = 667AACC31C545D9400CD40E1;
			productRefGroup = 667AACCD1C545D9400CD40E1 /* Products */;
			projectDirPath = "";
			projectRoot = "";
			targets = (
				667AACCB1C545D9400CD40E1 /* VCReader */,
			);
		};
/* End PBXProject section */

/* Begin PBXResourcesBuildPhase section */
		667AACCA1C545D9400CD40E1 /* Resources */ = {
			isa = PBXResourcesBuildPhase;
			buildActionMask = 2147483647;
			files = (
				662225E01CCCB0ED001BE988 /* TencentOpenApi_IOS_Bundle.bundle in Resources */,
				6668596C1C9683110046C8E8 /* Localizable.strings in Resources */,
				66A313DD1CB796B400A43B7A /* STFangSong.ttf in Resources */,
				664341A51C7D102600580AEF /* Kaiti.ttc in Resources */,
				667AACDF1C545D9400CD40E1 /* Assets.xcassets in Resources */,
				66A313B91CB78FBC00A43B7A /* LaunchScreen.storyboard in Resources */,
				667AACDA1C545D9400CD40E1 /* Main.storyboard in Resources */,
			);
			runOnlyForDeploymentPostprocessing = 0;
		};
/* End PBXResourcesBuildPhase section */

/* Begin PBXShellScriptBuildPhase section */
		12C31A7C016F210BA3584008 /* Check Pods Manifest.lock */ = {
			isa = PBXShellScriptBuildPhase;
			buildActionMask = 2147483647;
			files = (
			);
			inputPaths = (
			);
			name = "Check Pods Manifest.lock";
			outputPaths = (
			);
			runOnlyForDeploymentPostprocessing = 0;
			shellPath = /bin/sh;
			shellScript = "diff \"${PODS_ROOT}/../Podfile.lock\" \"${PODS_ROOT}/Manifest.lock\" > /dev/null\nif [[ $? != 0 ]] ; then\n    cat << EOM\nerror: The sandbox is not in sync with the Podfile.lock. Run 'pod install' or update your CocoaPods installation.\nEOM\n    exit 1\nfi\n";
			showEnvVarsInLog = 0;
		};
		44F762215D8B6FE26AF1C33C /* Embed Pods Frameworks */ = {
			isa = PBXShellScriptBuildPhase;
			buildActionMask = 2147483647;
			files = (
			);
			inputPaths = (
			);
			name = "Embed Pods Frameworks";
			outputPaths = (
			);
			runOnlyForDeploymentPostprocessing = 0;
			shellPath = /bin/sh;
			shellScript = "\"${SRCROOT}/Pods/Target Support Files/Pods-VCReader/Pods-VCReader-frameworks.sh\"\n";
			showEnvVarsInLog = 0;
		};
		AD1C2B06419F9DAF0916C951 /* Copy Pods Resources */ = {
			isa = PBXShellScriptBuildPhase;
			buildActionMask = 2147483647;
			files = (
			);
			inputPaths = (
			);
			name = "Copy Pods Resources";
			outputPaths = (
			);
			runOnlyForDeploymentPostprocessing = 0;
			shellPath = /bin/sh;
			shellScript = "\"${SRCROOT}/Pods/Target Support Files/Pods-VCReader/Pods-VCReader-resources.sh\"\n";
			showEnvVarsInLog = 0;
		};
/* End PBXShellScriptBuildPhase section */

/* Begin PBXSourcesBuildPhase section */
		667AACC81C545D9400CD40E1 /* Sources */ = {
			isa = PBXSourcesBuildPhase;
			buildActionMask = 2147483647;
			files = (
				666EECBB1C83C3E700DF5621 /* VCChapterTableViewController.m in Sources */,
				669227D81CD09F820045291E /* VCCoreDataCenter.m in Sources */,
				6643419D1C7A868A00580AEF /* VCChapter.m in Sources */,
				66F8C3761C5D078100DF7611 /* VCTextView.m in Sources */,
				662225A81CC3989E001BE988 /* VCBookMO+CoreDataProperties.m in Sources */,
				669227C91CCF59D20045291E /* VCBookStoreViewController.m in Sources */,
				667AACDD1C545D9400CD40E1 /* VCReader.xcdatamodeld in Sources */,
				662225B01CC616DB001BE988 /* VCSyncEngine.m in Sources */,
				66F8C3791C5D0AF300DF7611 /* VCView.m in Sources */,
				669227D51CD09E0A0045291E /* VCUserMO.m in Sources */,
				6622254C1CBD39DA001BE988 /* VCReaderAPIClient.m in Sources */,
				662225AC1CC3989E001BE988 /* VCReadingStatusMO+CoreDataProperties.m in Sources */,
				66CA98001CB62E5400B52B5E /* VCSettingsTableViewController.m in Sources */,
				662225C41CCB7B17001BE988 /* UIAlertController+window.m in Sources */,
				667AACEB1C545E3E00CD40E1 /* VCPageViewController.m in Sources */,
				666266E41C8596DB004F133F /* VCLibraryTableViewCell.m in Sources */,
				668AB1BB1C5BDD1C00395099 /* VCTool.m in Sources */,
				666EECB81C81BEC600DF5621 /* VCLibraryTableViewController.m in Sources */,
				667AACFA1C58B05C00CD40E1 /* VCBook.m in Sources */,
				669227D41CD09E0A0045291E /* VCUserMO+CoreDataProperties.m in Sources */,
				662225AD1CC3989E001BE988 /* VCReadingStatusMO.m in Sources */,
				669227C61CCDE6730045291E /* VCSignUpViewController.m in Sources */,
				664341A01C7BFA7C00580AEF /* VCPage.m in Sources */,
				662225AA1CC3989E001BE988 /* VCChapterMO+CoreDataProperties.m in Sources */,
				662225A91CC3989E001BE988 /* VCBookMO.m in Sources */,
				667AACD41C545D9400CD40E1 /* AppDelegate.m in Sources */,
				662225BB1CC9F973001BE988 /* VCLoginViewController.m in Sources */,
				667AACD11C545D9400CD40E1 /* main.m in Sources */,
				662225AB1CC3989E001BE988 /* VCChapterMO.m in Sources */,
			);
			runOnlyForDeploymentPostprocessing = 0;
		};
/* End PBXSourcesBuildPhase section */

/* Begin PBXVariantGroup section */
		6668596E1C9683110046C8E8 /* Localizable.strings */ = {
			isa = PBXVariantGroup;
			children = (
				6668596D1C9683110046C8E8 /* Base */,
			);
			name = Localizable.strings;
			sourceTree = "<group>";
		};
		667AACD81C545D9400CD40E1 /* Main.storyboard */ = {
			isa = PBXVariantGroup;
			children = (
				667AACD91C545D9400CD40E1 /* Base */,
				662068921C9C7B5000D00FEB /* en */,
			);
			name = Main.storyboard;
			sourceTree = "<group>";
		};
/* End PBXVariantGroup section */

/* Begin XCBuildConfiguration section */
		667AACE41C545D9400CD40E1 /* Debug */ = {
			isa = XCBuildConfiguration;
			buildSettings = {
				ALWAYS_SEARCH_USER_PATHS = NO;
				CLANG_CXX_LANGUAGE_STANDARD = "gnu++0x";
				CLANG_CXX_LIBRARY = "libc++";
				CLANG_ENABLE_MODULES = YES;
				CLANG_ENABLE_OBJC_ARC = YES;
				CLANG_WARN_BOOL_CONVERSION = YES;
				CLANG_WARN_CONSTANT_CONVERSION = YES;
				CLANG_WARN_DIRECT_OBJC_ISA_USAGE = YES_ERROR;
				CLANG_WARN_EMPTY_BODY = YES;
				CLANG_WARN_ENUM_CONVERSION = YES;
				CLANG_WARN_INT_CONVERSION = YES;
				CLANG_WARN_OBJC_ROOT_CLASS = YES_ERROR;
				CLANG_WARN_UNREACHABLE_CODE = YES;
				CLANG_WARN__DUPLICATE_METHOD_MATCH = YES;
				"CODE_SIGN_IDENTITY[sdk=iphoneos*]" = "iPhone Developer";
				COPY_PHASE_STRIP = NO;
				DEBUG_INFORMATION_FORMAT = dwarf;
				ENABLE_STRICT_OBJC_MSGSEND = YES;
				ENABLE_TESTABILITY = YES;
				GCC_C_LANGUAGE_STANDARD = gnu99;
				GCC_DYNAMIC_NO_PIC = NO;
				GCC_NO_COMMON_BLOCKS = YES;
				GCC_OPTIMIZATION_LEVEL = 0;
				GCC_PREPROCESSOR_DEFINITIONS = (
					"DEBUG=1",
					"$(inherited)",
				);
				GCC_WARN_64_TO_32_BIT_CONVERSION = YES;
				GCC_WARN_ABOUT_RETURN_TYPE = YES_ERROR;
				GCC_WARN_UNDECLARED_SELECTOR = YES;
				GCC_WARN_UNINITIALIZED_AUTOS = YES_AGGRESSIVE;
				GCC_WARN_UNUSED_FUNCTION = YES;
				GCC_WARN_UNUSED_VARIABLE = YES;
				IPHONEOS_DEPLOYMENT_TARGET = 8.0;
				MTL_ENABLE_DEBUG_INFO = YES;
				ONLY_ACTIVE_ARCH = YES;
				SDKROOT = iphoneos;
			};
			name = Debug;
		};
		667AACE51C545D9400CD40E1 /* Release */ = {
			isa = XCBuildConfiguration;
			buildSettings = {
				ALWAYS_SEARCH_USER_PATHS = NO;
				CLANG_CXX_LANGUAGE_STANDARD = "gnu++0x";
				CLANG_CXX_LIBRARY = "libc++";
				CLANG_ENABLE_MODULES = YES;
				CLANG_ENABLE_OBJC_ARC = YES;
				CLANG_WARN_BOOL_CONVERSION = YES;
				CLANG_WARN_CONSTANT_CONVERSION = YES;
				CLANG_WARN_DIRECT_OBJC_ISA_USAGE = YES_ERROR;
				CLANG_WARN_EMPTY_BODY = YES;
				CLANG_WARN_ENUM_CONVERSION = YES;
				CLANG_WARN_INT_CONVERSION = YES;
				CLANG_WARN_OBJC_ROOT_CLASS = YES_ERROR;
				CLANG_WARN_UNREACHABLE_CODE = YES;
				CLANG_WARN__DUPLICATE_METHOD_MATCH = YES;
				"CODE_SIGN_IDENTITY[sdk=iphoneos*]" = "iPhone Developer";
				COPY_PHASE_STRIP = NO;
				DEBUG_INFORMATION_FORMAT = "dwarf-with-dsym";
				ENABLE_NS_ASSERTIONS = NO;
				ENABLE_STRICT_OBJC_MSGSEND = YES;
				GCC_C_LANGUAGE_STANDARD = gnu99;
				GCC_NO_COMMON_BLOCKS = YES;
				GCC_WARN_64_TO_32_BIT_CONVERSION = YES;
				GCC_WARN_ABOUT_RETURN_TYPE = YES_ERROR;
				GCC_WARN_UNDECLARED_SELECTOR = YES;
				GCC_WARN_UNINITIALIZED_AUTOS = YES_AGGRESSIVE;
				GCC_WARN_UNUSED_FUNCTION = YES;
				GCC_WARN_UNUSED_VARIABLE = YES;
				IPHONEOS_DEPLOYMENT_TARGET = 8.0;
				MTL_ENABLE_DEBUG_INFO = NO;
				SDKROOT = iphoneos;
				VALIDATE_PRODUCT = YES;
			};
			name = Release;
		};
		667AACE71C545D9400CD40E1 /* Debug */ = {
			isa = XCBuildConfiguration;
			baseConfigurationReference = 0B4A3336345389BA90085697 /* Pods-VCReader.debug.xcconfig */;
			buildSettings = {
				ASSETCATALOG_COMPILER_APPICON_NAME = AppIcon;
				CODE_SIGN_IDENTITY = "iPhone Developer";
				"CODE_SIGN_IDENTITY[sdk=iphoneos*]" = "iPhone Developer";
				FRAMEWORK_SEARCH_PATHS = (
					"$(inherited)",
					"$(PROJECT_DIR)/VCReader",
				);
				GCC_PRECOMPILE_PREFIX_HEADER = YES;
				GCC_PREFIX_HEADER = VCReader/PrefixHeader.pch;
				INFOPLIST_FILE = VCReader/Info.plist;
				IPHONEOS_DEPLOYMENT_TARGET = 8.0;
				LD_RUNPATH_SEARCH_PATHS = "$(inherited) @executable_path/Frameworks";
				OTHER_LDFLAGS = (
					"$(inherited)",
					"-ObjC",
					"-l\"AFNetworking\"",
					"-framework",
					"\"CoreGraphics\"",
					"-framework",
					"\"MobileCoreServices\"",
					"-framework",
					"\"Security\"",
					"-framework",
					"\"SystemConfiguration\"",
					"-liconv",
					"-fobjc-arc",
				);
				PRODUCT_BUNDLE_IDENTIFIER = com.VHHC.VCReader;
				PRODUCT_NAME = "$(TARGET_NAME)";
				PROVISIONING_PROFILE = "";
			};
			name = Debug;
		};
		667AACE81C545D9400CD40E1 /* Release */ = {
			isa = XCBuildConfiguration;
			baseConfigurationReference = 7448617C5C4D6839113C0905 /* Pods-VCReader.release.xcconfig */;
			buildSettings = {
				ASSETCATALOG_COMPILER_APPICON_NAME = AppIcon;
				CODE_SIGN_IDENTITY = "iPhone Developer";
				"CODE_SIGN_IDENTITY[sdk=iphoneos*]" = "iPhone Developer";
				FRAMEWORK_SEARCH_PATHS = (
					"$(inherited)",
					"$(PROJECT_DIR)/VCReader",
				);
				GCC_PRECOMPILE_PREFIX_HEADER = YES;
				GCC_PREFIX_HEADER = VCReader/PrefixHeader.pch;
				INFOPLIST_FILE = VCReader/Info.plist;
				IPHONEOS_DEPLOYMENT_TARGET = 8.0;
				LD_RUNPATH_SEARCH_PATHS = "$(inherited) @executable_path/Frameworks";
				OTHER_LDFLAGS = (
					"$(inherited)",
					"-ObjC",
					"-l\"AFNetworking\"",
					"-framework",
					"\"CoreGraphics\"",
					"-framework",
					"\"MobileCoreServices\"",
					"-framework",
					"\"Security\"",
					"-framework",
					"\"SystemConfiguration\"",
					"-liconv",
					"-fobjc-arc",
				);
				PRODUCT_BUNDLE_IDENTIFIER = com.VHHC.VCReader;
				PRODUCT_NAME = "$(TARGET_NAME)";
				PROVISIONING_PROFILE = "";
			};
			name = Release;
		};
/* End XCBuildConfiguration section */

/* Begin XCConfigurationList section */
		667AACC71C545D9400CD40E1 /* Build configuration list for PBXProject "VCReader" */ = {
			isa = XCConfigurationList;
			buildConfigurations = (
				667AACE41C545D9400CD40E1 /* Debug */,
				667AACE51C545D9400CD40E1 /* Release */,
			);
			defaultConfigurationIsVisible = 0;
			defaultConfigurationName = Release;
		};
		667AACE61C545D9400CD40E1 /* Build configuration list for PBXNativeTarget "VCReader" */ = {
			isa = XCConfigurationList;
			buildConfigurations = (
				667AACE71C545D9400CD40E1 /* Debug */,
				667AACE81C545D9400CD40E1 /* Release */,
			);
			defaultConfigurationIsVisible = 0;
			defaultConfigurationName = Release;
		};
/* End XCConfigurationList section */

/* Begin XCVersionGroup section */
		667AACDB1C545D9400CD40E1 /* VCReader.xcdatamodeld */ = {
			isa = XCVersionGroup;
			children = (
				667AACDC1C545D9400CD40E1 /* VCReader.xcdatamodel */,
			);
			currentVersion = 667AACDC1C545D9400CD40E1 /* VCReader.xcdatamodel */;
			name = VCReader.xcdatamodeld;
			path = VCReader/VCReader.xcdatamodeld;
			sourceTree = "<group>";
			versionGroupType = wrapper.xcdatamodel;
		};
/* End XCVersionGroup section */
	};
	rootObject = 667AACC41C545D9400CD40E1 /* Project object */;
}
