// !$*UTF8*$!
{
	archiveVersion = 1;
	classes = {
	};
	objectVersion = 46;
	objects = {

/* Begin PBXBuildFile section */
		664341981C74654500580AEF /* 命師.txt in Resources */ = {isa = PBXBuildFile; fileRef = 664341971C74654500580AEF /* 命師.txt */; };
		6643419D1C7A868A00580AEF /* VCChapter.m in Sources */ = {isa = PBXBuildFile; fileRef = 6643419C1C7A868A00580AEF /* VCChapter.m */; };
		664341A01C7BFA7C00580AEF /* VCPage.m in Sources */ = {isa = PBXBuildFile; fileRef = 6643419F1C7BFA7C00580AEF /* VCPage.m */; };
		664341A51C7D102600580AEF /* Kaiti.ttc in Resources */ = {isa = PBXBuildFile; fileRef = 664341A41C7D0E9200580AEF /* Kaiti.ttc */; };
		664341A71C7D11E300580AEF /* STFangSong.ttf in Resources */ = {isa = PBXBuildFile; fileRef = 664341A61C7D11C700580AEF /* STFangSong.ttf */; };
		666266E41C8596DB004F133F /* VCLibraryTableViewCell.m in Sources */ = {isa = PBXBuildFile; fileRef = 666266E31C8596DB004F133F /* VCLibraryTableViewCell.m */; };
		666266E81C86A265004F133F /* 超级学神.txt in Resources */ = {isa = PBXBuildFile; fileRef = 666266E71C86A265004F133F /* 超级学神.txt */; };
		666EECB81C81BEC600DF5621 /* VCLibraryTableViewController.m in Sources */ = {isa = PBXBuildFile; fileRef = 666EECB71C81BEC600DF5621 /* VCLibraryTableViewController.m */; };
		666EECBB1C83C3E700DF5621 /* VCChapterTableViewController.m in Sources */ = {isa = PBXBuildFile; fileRef = 666EECBA1C83C3E700DF5621 /* VCChapterTableViewController.m */; };
		667AACD11C545D9400CD40E1 /* main.m in Sources */ = {isa = PBXBuildFile; fileRef = 667AACD01C545D9400CD40E1 /* main.m */; };
		667AACD41C545D9400CD40E1 /* AppDelegate.m in Sources */ = {isa = PBXBuildFile; fileRef = 667AACD31C545D9400CD40E1 /* AppDelegate.m */; };
		667AACDA1C545D9400CD40E1 /* Main.storyboard in Resources */ = {isa = PBXBuildFile; fileRef = 667AACD81C545D9400CD40E1 /* Main.storyboard */; };
		667AACDD1C545D9400CD40E1 /* VCReader.xcdatamodeld in Sources */ = {isa = PBXBuildFile; fileRef = 667AACDB1C545D9400CD40E1 /* VCReader.xcdatamodeld */; };
		667AACDF1C545D9400CD40E1 /* Assets.xcassets in Resources */ = {isa = PBXBuildFile; fileRef = 667AACDE1C545D9400CD40E1 /* Assets.xcassets */; };
		667AACEB1C545E3E00CD40E1 /* VCPageViewController.m in Sources */ = {isa = PBXBuildFile; fileRef = 667AACEA1C545E3E00CD40E1 /* VCPageViewController.m */; };
		667AACF01C54797700CD40E1 /* 官神.txt in Resources */ = {isa = PBXBuildFile; fileRef = 667AACEF1C54797700CD40E1 /* 官神.txt */; };
		667AACFA1C58B05C00CD40E1 /* VCBook.m in Sources */ = {isa = PBXBuildFile; fileRef = 667AACF91C58B05C00CD40E1 /* VCBook.m */; };
		668AB1BB1C5BDD1C00395099 /* VCHelperClass.m in Sources */ = {isa = PBXBuildFile; fileRef = 668AB1BA1C5BDD1C00395099 /* VCHelperClass.m */; };
		66F8C3761C5D078100DF7611 /* VCTextView.m in Sources */ = {isa = PBXBuildFile; fileRef = 66F8C3751C5D078100DF7611 /* VCTextView.m */; };
		66F8C3791C5D0AF300DF7611 /* VCView.m in Sources */ = {isa = PBXBuildFile; fileRef = 66F8C3781C5D0AF300DF7611 /* VCView.m */; };
/* End PBXBuildFile section */

/* Begin PBXFileReference section */
		664341971C74654500580AEF /* 命師.txt */ = {isa = PBXFileReference; fileEncoding = 4; lastKnownFileType = text; path = "命師.txt"; sourceTree = "<group>"; };
		6643419B1C7A868A00580AEF /* VCChapter.h */ = {isa = PBXFileReference; fileEncoding = 4; lastKnownFileType = sourcecode.c.h; path = VCChapter.h; sourceTree = "<group>"; };
		6643419C1C7A868A00580AEF /* VCChapter.m */ = {isa = PBXFileReference; fileEncoding = 4; lastKnownFileType = sourcecode.c.objc; path = VCChapter.m; sourceTree = "<group>"; };
		6643419E1C7BFA7C00580AEF /* VCPage.h */ = {isa = PBXFileReference; fileEncoding = 4; lastKnownFileType = sourcecode.c.h; path = VCPage.h; sourceTree = "<group>"; };
		6643419F1C7BFA7C00580AEF /* VCPage.m */ = {isa = PBXFileReference; fileEncoding = 4; lastKnownFileType = sourcecode.c.objc; path = VCPage.m; sourceTree = "<group>"; };
		664341A41C7D0E9200580AEF /* Kaiti.ttc */ = {isa = PBXFileReference; lastKnownFileType = file; path = Kaiti.ttc; sourceTree = "<group>"; };
		664341A61C7D11C700580AEF /* STFangSong.ttf */ = {isa = PBXFileReference; lastKnownFileType = file; path = STFangSong.ttf; sourceTree = "<group>"; };
		666266E21C8596DB004F133F /* VCLibraryTableViewCell.h */ = {isa = PBXFileReference; fileEncoding = 4; lastKnownFileType = sourcecode.c.h; path = VCLibraryTableViewCell.h; sourceTree = "<group>"; };
		666266E31C8596DB004F133F /* VCLibraryTableViewCell.m */ = {isa = PBXFileReference; fileEncoding = 4; lastKnownFileType = sourcecode.c.objc; path = VCLibraryTableViewCell.m; sourceTree = "<group>"; };
		666266E71C86A265004F133F /* 超级学神.txt */ = {isa = PBXFileReference; fileEncoding = 4; lastKnownFileType = text; path = "超级学神.txt"; sourceTree = "<group>"; };
		666EECB61C81BEC600DF5621 /* VCLibraryTableViewController.h */ = {isa = PBXFileReference; fileEncoding = 4; lastKnownFileType = sourcecode.c.h; path = VCLibraryTableViewController.h; sourceTree = "<group>"; };
		666EECB71C81BEC600DF5621 /* VCLibraryTableViewController.m */ = {isa = PBXFileReference; fileEncoding = 4; lastKnownFileType = sourcecode.c.objc; path = VCLibraryTableViewController.m; sourceTree = "<group>"; };
		666EECB91C83C3E700DF5621 /* VCChapterTableViewController.h */ = {isa = PBXFileReference; fileEncoding = 4; lastKnownFileType = sourcecode.c.h; path = VCChapterTableViewController.h; sourceTree = "<group>"; };
		666EECBA1C83C3E700DF5621 /* VCChapterTableViewController.m */ = {isa = PBXFileReference; fileEncoding = 4; lastKnownFileType = sourcecode.c.objc; path = VCChapterTableViewController.m; sourceTree = "<group>"; };
		667AACCC1C545D9400CD40E1 /* VCReader.app */ = {isa = PBXFileReference; explicitFileType = wrapper.application; includeInIndex = 0; path = VCReader.app; sourceTree = BUILT_PRODUCTS_DIR; };
		667AACD01C545D9400CD40E1 /* main.m */ = {isa = PBXFileReference; lastKnownFileType = sourcecode.c.objc; path = main.m; sourceTree = "<group>"; };
		667AACD21C545D9400CD40E1 /* AppDelegate.h */ = {isa = PBXFileReference; lastKnownFileType = sourcecode.c.h; path = AppDelegate.h; sourceTree = "<group>"; };
		667AACD31C545D9400CD40E1 /* AppDelegate.m */ = {isa = PBXFileReference; lastKnownFileType = sourcecode.c.objc; path = AppDelegate.m; sourceTree = "<group>"; };
		667AACD91C545D9400CD40E1 /* Base */ = {isa = PBXFileReference; lastKnownFileType = file.storyboard; name = Base; path = Base.lproj/Main.storyboard; sourceTree = "<group>"; };
		667AACDC1C545D9400CD40E1 /* VCReader.xcdatamodel */ = {isa = PBXFileReference; lastKnownFileType = wrapper.xcdatamodel; path = VCReader.xcdatamodel; sourceTree = "<group>"; };
		667AACDE1C545D9400CD40E1 /* Assets.xcassets */ = {isa = PBXFileReference; lastKnownFileType = folder.assetcatalog; path = Assets.xcassets; sourceTree = "<group>"; };
		667AACE31C545D9400CD40E1 /* Info.plist */ = {isa = PBXFileReference; lastKnownFileType = text.plist.xml; path = Info.plist; sourceTree = "<group>"; };
		667AACE91C545E3E00CD40E1 /* VCPageViewController.h */ = {isa = PBXFileReference; fileEncoding = 4; lastKnownFileType = sourcecode.c.h; path = VCPageViewController.h; sourceTree = "<group>"; };
		667AACEA1C545E3E00CD40E1 /* VCPageViewController.m */ = {isa = PBXFileReference; fileEncoding = 4; lastKnownFileType = sourcecode.c.objc; path = VCPageViewController.m; sourceTree = "<group>"; };
		667AACEF1C54797700CD40E1 /* 官神.txt */ = {isa = PBXFileReference; fileEncoding = 4; lastKnownFileType = text; path = "官神.txt"; sourceTree = "<group>"; };
		667AACF81C58B05C00CD40E1 /* VCBook.h */ = {isa = PBXFileReference; fileEncoding = 4; lastKnownFileType = sourcecode.c.h; path = VCBook.h; sourceTree = "<group>"; };
		667AACF91C58B05C00CD40E1 /* VCBook.m */ = {isa = PBXFileReference; fileEncoding = 4; lastKnownFileType = sourcecode.c.objc; path = VCBook.m; sourceTree = "<group>"; };
		668AB1B91C5BDD1C00395099 /* VCHelperClass.h */ = {isa = PBXFileReference; fileEncoding = 4; lastKnownFileType = sourcecode.c.h; path = VCHelperClass.h; sourceTree = "<group>"; };
		668AB1BA1C5BDD1C00395099 /* VCHelperClass.m */ = {isa = PBXFileReference; fileEncoding = 4; lastKnownFileType = sourcecode.c.objc; path = VCHelperClass.m; sourceTree = "<group>"; };
		668AB1BD1C5BDF8900395099 /* PrefixHeader.pch */ = {isa = PBXFileReference; fileEncoding = 4; lastKnownFileType = sourcecode.c.h; path = PrefixHeader.pch; sourceTree = "<group>"; };
		66F8C3741C5D078100DF7611 /* VCTextView.h */ = {isa = PBXFileReference; fileEncoding = 4; lastKnownFileType = sourcecode.c.h; path = VCTextView.h; sourceTree = "<group>"; };
		66F8C3751C5D078100DF7611 /* VCTextView.m */ = {isa = PBXFileReference; fileEncoding = 4; lastKnownFileType = sourcecode.c.objc; path = VCTextView.m; sourceTree = "<group>"; };
		66F8C3771C5D0AF300DF7611 /* VCView.h */ = {isa = PBXFileReference; fileEncoding = 4; lastKnownFileType = sourcecode.c.h; path = VCView.h; sourceTree = "<group>"; };
		66F8C3781C5D0AF300DF7611 /* VCView.m */ = {isa = PBXFileReference; fileEncoding = 4; lastKnownFileType = sourcecode.c.objc; path = VCView.m; sourceTree = "<group>"; };
/* End PBXFileReference section */

/* Begin PBXFrameworksBuildPhase section */
		667AACC91C545D9400CD40E1 /* Frameworks */ = {
			isa = PBXFrameworksBuildPhase;
			buildActionMask = 2147483647;
			files = (
			);
			runOnlyForDeploymentPostprocessing = 0;
		};
/* End PBXFrameworksBuildPhase section */

/* Begin PBXGroup section */
		664341AD1C7D56A900580AEF /* text files */ = {
			isa = PBXGroup;
			children = (
				666266E71C86A265004F133F /* 超级学神.txt */,
				664341971C74654500580AEF /* 命師.txt */,
				667AACEF1C54797700CD40E1 /* 官神.txt */,
			);
			name = "text files";
			sourceTree = "<group>";
		};
		664341AE1C7D56B800580AEF /* fonts */ = {
			isa = PBXGroup;
			children = (
				664341A61C7D11C700580AEF /* STFangSong.ttf */,
				664341A41C7D0E9200580AEF /* Kaiti.ttc */,
			);
			name = fonts;
			sourceTree = "<group>";
		};
		666266E11C859503004F133F /* TableViewCells */ = {
			isa = PBXGroup;
			children = (
				666266E21C8596DB004F133F /* VCLibraryTableViewCell.h */,
				666266E31C8596DB004F133F /* VCLibraryTableViewCell.m */,
			);
			name = TableViewCells;
			sourceTree = "<group>";
		};
		667AACC31C545D9400CD40E1 = {
			isa = PBXGroup;
			children = (
				667AACCE1C545D9400CD40E1 /* VCReader */,
				667AACCD1C545D9400CD40E1 /* Products */,
			);
			sourceTree = "<group>";
		};
		667AACCD1C545D9400CD40E1 /* Products */ = {
			isa = PBXGroup;
			children = (
				667AACCC1C545D9400CD40E1 /* VCReader.app */,
			);
			name = Products;
			sourceTree = "<group>";
		};
		667AACCE1C545D9400CD40E1 /* VCReader */ = {
			isa = PBXGroup;
			children = (
				667AACF41C584F1900CD40E1 /* Resources */,
				666266E11C859503004F133F /* TableViewCells */,
				667AACEC1C545E9400CD40E1 /* ViewControllers */,
				667AACD81C545D9400CD40E1 /* Main.storyboard */,
				667AACDE1C545D9400CD40E1 /* Assets.xcassets */,
				667AACE31C545D9400CD40E1 /* Info.plist */,
				667AACDB1C545D9400CD40E1 /* VCReader.xcdatamodeld */,
				667AACCF1C545D9400CD40E1 /* Supporting Files */,
			);
			path = VCReader;
			sourceTree = "<group>";
		};
		667AACCF1C545D9400CD40E1 /* Supporting Files */ = {
			isa = PBXGroup;
			children = (
				668AB1BD1C5BDF8900395099 /* PrefixHeader.pch */,
				667AACD21C545D9400CD40E1 /* AppDelegate.h */,
				667AACD31C545D9400CD40E1 /* AppDelegate.m */,
				667AACD01C545D9400CD40E1 /* main.m */,
			);
			name = "Supporting Files";
			sourceTree = "<group>";
		};
		667AACEC1C545E9400CD40E1 /* ViewControllers */ = {
			isa = PBXGroup;
			children = (
				666EECB61C81BEC600DF5621 /* VCLibraryTableViewController.h */,
				666EECB71C81BEC600DF5621 /* VCLibraryTableViewController.m */,
				667AACE91C545E3E00CD40E1 /* VCPageViewController.h */,
				667AACEA1C545E3E00CD40E1 /* VCPageViewController.m */,
				666EECB91C83C3E700DF5621 /* VCChapterTableViewController.h */,
				666EECBA1C83C3E700DF5621 /* VCChapterTableViewController.m */,
				667AACF81C58B05C00CD40E1 /* VCBook.h */,
				667AACF91C58B05C00CD40E1 /* VCBook.m */,
				668AB1B91C5BDD1C00395099 /* VCHelperClass.h */,
				668AB1BA1C5BDD1C00395099 /* VCHelperClass.m */,
				66F8C3741C5D078100DF7611 /* VCTextView.h */,
				66F8C3751C5D078100DF7611 /* VCTextView.m */,
				66F8C3771C5D0AF300DF7611 /* VCView.h */,
				66F8C3781C5D0AF300DF7611 /* VCView.m */,
				6643419B1C7A868A00580AEF /* VCChapter.h */,
				6643419C1C7A868A00580AEF /* VCChapter.m */,
				6643419E1C7BFA7C00580AEF /* VCPage.h */,
				6643419F1C7BFA7C00580AEF /* VCPage.m */,
			);
			name = ViewControllers;
			sourceTree = "<group>";
		};
		667AACF41C584F1900CD40E1 /* Resources */ = {
			isa = PBXGroup;
			children = (
				664341AE1C7D56B800580AEF /* fonts */,
				664341AD1C7D56A900580AEF /* text files */,
			);
			name = Resources;
			sourceTree = "<group>";
		};
/* End PBXGroup section */

/* Begin PBXNativeTarget section */
		667AACCB1C545D9400CD40E1 /* VCReader */ = {
			isa = PBXNativeTarget;
			buildConfigurationList = 667AACE61C545D9400CD40E1 /* Build configuration list for PBXNativeTarget "VCReader" */;
			buildPhases = (
				667AACC81C545D9400CD40E1 /* Sources */,
				667AACC91C545D9400CD40E1 /* Frameworks */,
				667AACCA1C545D9400CD40E1 /* Resources */,
			);
			buildRules = (
			);
			dependencies = (
			);
			name = VCReader;
			productName = VCReader;
			productReference = 667AACCC1C545D9400CD40E1 /* VCReader.app */;
			productType = "com.apple.product-type.application";
		};
/* End PBXNativeTarget section */

/* Begin PBXProject section */
		667AACC41C545D9400CD40E1 /* Project object */ = {
			isa = PBXProject;
			attributes = {
				LastUpgradeCheck = 0720;
				ORGANIZATIONNAME = VHHC;
				TargetAttributes = {
					667AACCB1C545D9400CD40E1 = {
						CreatedOnToolsVersion = 7.2;
						DevelopmentTeam = ZWQWGRSN4T;
						SystemCapabilities = {
							com.apple.iCloud = {
								enabled = 0;
							};
						};
					};
				};
			};
			buildConfigurationList = 667AACC71C545D9400CD40E1 /* Build configuration list for PBXProject "VCReader" */;
			compatibilityVersion = "Xcode 3.2";
			developmentRegion = English;
			hasScannedForEncodings = 0;
			knownRegions = (
				en,
				Base,
			);
			mainGroup = 667AACC31C545D9400CD40E1;
			productRefGroup = 667AACCD1C545D9400CD40E1 /* Products */;
			projectDirPath = "";
			projectRoot = "";
			targets = (
				667AACCB1C545D9400CD40E1 /* VCReader */,
			);
		};
/* End PBXProject section */

/* Begin PBXResourcesBuildPhase section */
		667AACCA1C545D9400CD40E1 /* Resources */ = {
			isa = PBXResourcesBuildPhase;
			buildActionMask = 2147483647;
			files = (
				664341A71C7D11E300580AEF /* STFangSong.ttf in Resources */,
				664341A51C7D102600580AEF /* Kaiti.ttc in Resources */,
				666266E81C86A265004F133F /* 超级学神.txt in Resources */,
				664341981C74654500580AEF /* 命師.txt in Resources */,
				667AACF01C54797700CD40E1 /* 官神.txt in Resources */,
				667AACDF1C545D9400CD40E1 /* Assets.xcassets in Resources */,
				667AACDA1C545D9400CD40E1 /* Main.storyboard in Resources */,
			);
			runOnlyForDeploymentPostprocessing = 0;
		};
/* End PBXResourcesBuildPhase section */

/* Begin PBXSourcesBuildPhase section */
		667AACC81C545D9400CD40E1 /* Sources */ = {
			isa = PBXSourcesBuildPhase;
			buildActionMask = 2147483647;
			files = (
				666EECBB1C83C3E700DF5621 /* VCChapterTableViewController.m in Sources */,
				6643419D1C7A868A00580AEF /* VCChapter.m in Sources */,
				66F8C3761C5D078100DF7611 /* VCTextView.m in Sources */,
				667AACDD1C545D9400CD40E1 /* VCReader.xcdatamodeld in Sources */,
				66F8C3791C5D0AF300DF7611 /* VCView.m in Sources */,
				667AACEB1C545E3E00CD40E1 /* VCPageViewController.m in Sources */,
				666266E41C8596DB004F133F /* VCLibraryTableViewCell.m in Sources */,
				668AB1BB1C5BDD1C00395099 /* VCHelperClass.m in Sources */,
				666EECB81C81BEC600DF5621 /* VCLibraryTableViewController.m in Sources */,
				667AACFA1C58B05C00CD40E1 /* VCBook.m in Sources */,
				664341A01C7BFA7C00580AEF /* VCPage.m in Sources */,
				667AACD41C545D9400CD40E1 /* AppDelegate.m in Sources */,
				667AACD11C545D9400CD40E1 /* main.m in Sources */,
			);
			runOnlyForDeploymentPostprocessing = 0;
		};
/* End PBXSourcesBuildPhase section */

/* Begin PBXVariantGroup section */
		667AACD81C545D9400CD40E1 /* Main.storyboard */ = {
			isa = PBXVariantGroup;
			children = (
				667AACD91C545D9400CD40E1 /* Base */,
			);
			name = Main.storyboard;
			sourceTree = "<group>";
		};
/* End PBXVariantGroup section */

/* Begin XCBuildConfiguration section */
		667AACE41C545D9400CD40E1 /* Debug */ = {
			isa = XCBuildConfiguration;
			buildSettings = {
				ALWAYS_SEARCH_USER_PATHS = NO;
				CLANG_CXX_LANGUAGE_STANDARD = "gnu++0x";
				CLANG_CXX_LIBRARY = "libc++";
				CLANG_ENABLE_MODULES = YES;
				CLANG_ENABLE_OBJC_ARC = YES;
				CLANG_WARN_BOOL_CONVERSION = YES;
				CLANG_WARN_CONSTANT_CONVERSION = YES;
				CLANG_WARN_DIRECT_OBJC_ISA_USAGE = YES_ERROR;
				CLANG_WARN_EMPTY_BODY = YES;
				CLANG_WARN_ENUM_CONVERSION = YES;
				CLANG_WARN_INT_CONVERSION = YES;
				CLANG_WARN_OBJC_ROOT_CLASS = YES_ERROR;
				CLANG_WARN_UNREACHABLE_CODE = YES;
				CLANG_WARN__DUPLICATE_METHOD_MATCH = YES;
				"CODE_SIGN_IDENTITY[sdk=iphoneos*]" = "iPhone Developer";
				COPY_PHASE_STRIP = NO;
				DEBUG_INFORMATION_FORMAT = dwarf;
				ENABLE_STRICT_OBJC_MSGSEND = YES;
				ENABLE_TESTABILITY = YES;
				GCC_C_LANGUAGE_STANDARD = gnu99;
				GCC_DYNAMIC_NO_PIC = NO;
				GCC_NO_COMMON_BLOCKS = YES;
				GCC_OPTIMIZATION_LEVEL = 0;
				GCC_PREPROCESSOR_DEFINITIONS = (
					"DEBUG=1",
					"$(inherited)",
				);
				GCC_WARN_64_TO_32_BIT_CONVERSION = YES;
				GCC_WARN_ABOUT_RETURN_TYPE = YES_ERROR;
				GCC_WARN_UNDECLARED_SELECTOR = YES;
				GCC_WARN_UNINITIALIZED_AUTOS = YES_AGGRESSIVE;
				GCC_WARN_UNUSED_FUNCTION = YES;
				GCC_WARN_UNUSED_VARIABLE = YES;
				IPHONEOS_DEPLOYMENT_TARGET = 8.4;
				MTL_ENABLE_DEBUG_INFO = YES;
				ONLY_ACTIVE_ARCH = YES;
				SDKROOT = iphoneos;
			};
			name = Debug;
		};
		667AACE51C545D9400CD40E1 /* Release */ = {
			isa = XCBuildConfiguration;
			buildSettings = {
				ALWAYS_SEARCH_USER_PATHS = NO;
				CLANG_CXX_LANGUAGE_STANDARD = "gnu++0x";
				CLANG_CXX_LIBRARY = "libc++";
				CLANG_ENABLE_MODULES = YES;
				CLANG_ENABLE_OBJC_ARC = YES;
				CLANG_WARN_BOOL_CONVERSION = YES;
				CLANG_WARN_CONSTANT_CONVERSION = YES;
				CLANG_WARN_DIRECT_OBJC_ISA_USAGE = YES_ERROR;
				CLANG_WARN_EMPTY_BODY = YES;
				CLANG_WARN_ENUM_CONVERSION = YES;
				CLANG_WARN_INT_CONVERSION = YES;
				CLANG_WARN_OBJC_ROOT_CLASS = YES_ERROR;
				CLANG_WARN_UNREACHABLE_CODE = YES;
				CLANG_WARN__DUPLICATE_METHOD_MATCH = YES;
				"CODE_SIGN_IDENTITY[sdk=iphoneos*]" = "iPhone Developer";
				COPY_PHASE_STRIP = NO;
				DEBUG_INFORMATION_FORMAT = "dwarf-with-dsym";
				ENABLE_NS_ASSERTIONS = NO;
				ENABLE_STRICT_OBJC_MSGSEND = YES;
				GCC_C_LANGUAGE_STANDARD = gnu99;
				GCC_NO_COMMON_BLOCKS = YES;
				GCC_WARN_64_TO_32_BIT_CONVERSION = YES;
				GCC_WARN_ABOUT_RETURN_TYPE = YES_ERROR;
				GCC_WARN_UNDECLARED_SELECTOR = YES;
				GCC_WARN_UNINITIALIZED_AUTOS = YES_AGGRESSIVE;
				GCC_WARN_UNUSED_FUNCTION = YES;
				GCC_WARN_UNUSED_VARIABLE = YES;
				IPHONEOS_DEPLOYMENT_TARGET = 8.4;
				MTL_ENABLE_DEBUG_INFO = NO;
				SDKROOT = iphoneos;
				VALIDATE_PRODUCT = YES;
			};
			name = Release;
		};
		667AACE71C545D9400CD40E1 /* Debug */ = {
			isa = XCBuildConfiguration;
			buildSettings = {
				ASSETCATALOG_COMPILER_APPICON_NAME = AppIcon;
				CODE_SIGN_IDENTITY = "iPhone Developer";
				"CODE_SIGN_IDENTITY[sdk=iphoneos*]" = "iPhone Developer";
				GCC_PRECOMPILE_PREFIX_HEADER = YES;
				GCC_PREFIX_HEADER = VCReader/PrefixHeader.pch;
				INFOPLIST_FILE = VCReader/Info.plist;
				LD_RUNPATH_SEARCH_PATHS = "$(inherited) @executable_path/Frameworks";
				PRODUCT_BUNDLE_IDENTIFIER = com.VHHC.VCReader;
				PRODUCT_NAME = "$(TARGET_NAME)";
				PROVISIONING_PROFILE = "";
			};
			name = Debug;
		};
		667AACE81C545D9400CD40E1 /* Release */ = {
			isa = XCBuildConfiguration;
			buildSettings = {
				ASSETCATALOG_COMPILER_APPICON_NAME = AppIcon;
				CODE_SIGN_IDENTITY = "iPhone Developer";
				"CODE_SIGN_IDENTITY[sdk=iphoneos*]" = "iPhone Developer";
				GCC_PRECOMPILE_PREFIX_HEADER = YES;
				GCC_PREFIX_HEADER = VCReader/PrefixHeader.pch;
				INFOPLIST_FILE = VCReader/Info.plist;
				LD_RUNPATH_SEARCH_PATHS = "$(inherited) @executable_path/Frameworks";
				PRODUCT_BUNDLE_IDENTIFIER = com.VHHC.VCReader;
				PRODUCT_NAME = "$(TARGET_NAME)";
				PROVISIONING_PROFILE = "";
			};
			name = Release;
		};
/* End XCBuildConfiguration section */

/* Begin XCConfigurationList section */
		667AACC71C545D9400CD40E1 /* Build configuration list for PBXProject "VCReader" */ = {
			isa = XCConfigurationList;
			buildConfigurations = (
				667AACE41C545D9400CD40E1 /* Debug */,
				667AACE51C545D9400CD40E1 /* Release */,
			);
			defaultConfigurationIsVisible = 0;
			defaultConfigurationName = Release;
		};
		667AACE61C545D9400CD40E1 /* Build configuration list for PBXNativeTarget "VCReader" */ = {
			isa = XCConfigurationList;
			buildConfigurations = (
				667AACE71C545D9400CD40E1 /* Debug */,
				667AACE81C545D9400CD40E1 /* Release */,
			);
			defaultConfigurationIsVisible = 0;
			defaultConfigurationName = Release;
		};
/* End XCConfigurationList section */

/* Begin XCVersionGroup section */
		667AACDB1C545D9400CD40E1 /* VCReader.xcdatamodeld */ = {
			isa = XCVersionGroup;
			children = (
				667AACDC1C545D9400CD40E1 /* VCReader.xcdatamodel */,
			);
			currentVersion = 667AACDC1C545D9400CD40E1 /* VCReader.xcdatamodel */;
			path = VCReader.xcdatamodeld;
			sourceTree = "<group>";
			versionGroupType = wrapper.xcdatamodel;
		};
/* End XCVersionGroup section */
	};
	rootObject = 667AACC41C545D9400CD40E1 /* Project object */;
}
